// !$*UTF8*$!
{
	archiveVersion = 1;
	classes = {
	};
	objectVersion = 46;
	objects = {

/* Begin PBXBuildFile section */
		357164E519DB1E4800ED38A9 /* AppDelegate.swift in Sources */ = {isa = PBXBuildFile; fileRef = 357164E419DB1E4800ED38A9 /* AppDelegate.swift */; };
		357164E719DB1E4800ED38A9 /* GameScene.sks in Resources */ = {isa = PBXBuildFile; fileRef = 357164E619DB1E4800ED38A9 /* GameScene.sks */; };
		357164E919DB1E4800ED38A9 /* GameScene.swift in Sources */ = {isa = PBXBuildFile; fileRef = 357164E819DB1E4800ED38A9 /* GameScene.swift */; };
		357164EB19DB1E4800ED38A9 /* GameViewController.swift in Sources */ = {isa = PBXBuildFile; fileRef = 357164EA19DB1E4800ED38A9 /* GameViewController.swift */; };
		357164EE19DB1E4800ED38A9 /* Main.storyboard in Resources */ = {isa = PBXBuildFile; fileRef = 357164EC19DB1E4800ED38A9 /* Main.storyboard */; };
		357164F019DB1E4800ED38A9 /* Images.xcassets in Resources */ = {isa = PBXBuildFile; fileRef = 357164EF19DB1E4800ED38A9 /* Images.xcassets */; };
		357164F319DB1E4800ED38A9 /* LaunchScreen.xib in Resources */ = {isa = PBXBuildFile; fileRef = 357164F119DB1E4800ED38A9 /* LaunchScreen.xib */; };
		357164FF19DB1E4800ED38A9 /* SpriteKitSimpleGameTests.swift in Sources */ = {isa = PBXBuildFile; fileRef = 357164FE19DB1E4800ED38A9 /* SpriteKitSimpleGameTests.swift */; };
		3571650C19DB1F5500ED38A9 /* background-music-aac.caf in Resources */ = {isa = PBXBuildFile; fileRef = 3571650919DB1F5500ED38A9 /* background-music-aac.caf */; };
		3571650D19DB1F5500ED38A9 /* pew-pew-lei.caf in Resources */ = {isa = PBXBuildFile; fileRef = 3571650A19DB1F5500ED38A9 /* pew-pew-lei.caf */; };
		3571650E19DB1F5500ED38A9 /* sprites.atlas in Resources */ = {isa = PBXBuildFile; fileRef = 3571650B19DB1F5500ED38A9 /* sprites.atlas */; };
		3571651019DB322700ED38A9 /* GameOverScene.swift in Sources */ = {isa = PBXBuildFile; fileRef = 3571650F19DB322700ED38A9 /* GameOverScene.swift */; };
		ED353AF61B808A5000A923E7 /* high_score_screen.png in Resources */ = {isa = PBXBuildFile; fileRef = ED353AF51B808A5000A923E7 /* high_score_screen.png */; };
		ED353AF81B808BD900A923E7 /* AboutViewController.swift in Sources */ = {isa = PBXBuildFile; fileRef = ED353AF71B808BD900A923E7 /* AboutViewController.swift */; };
		ED353AFE1B8099E200A923E7 /* about.png in Resources */ = {isa = PBXBuildFile; fileRef = ED353AFD1B8099E200A923E7 /* about.png */; };
		ED3828471B801B40007E6976 /* mainScreenNew.png in Resources */ = {isa = PBXBuildFile; fileRef = ED3828461B801B40007E6976 /* mainScreenNew.png */; };
		ED3828491B801B82007E6976 /* newestMainscreen.png in Resources */ = {isa = PBXBuildFile; fileRef = ED3828481B801B82007E6976 /* newestMainscreen.png */; };
		ED535F741B8011AE00FF5C2B /* about_button.png in Resources */ = {isa = PBXBuildFile; fileRef = ED535F711B8011AE00FF5C2B /* about_button.png */; };
		ED535F751B8011AE00FF5C2B /* play_button.png in Resources */ = {isa = PBXBuildFile; fileRef = ED535F721B8011AE00FF5C2B /* play_button.png */; };
		ED535F761B8011AE00FF5C2B /* score_button.png in Resources */ = {isa = PBXBuildFile; fileRef = ED535F731B8011AE00FF5C2B /* score_button.png */; };
		ED6305601B80747F00A53027 /* Retro Computer_DEMO.ttf in Resources */ = {isa = PBXBuildFile; fileRef = ED63055F1B80736400A53027 /* Retro Computer_DEMO.ttf */; };
		ED6305621B8083B300A53027 /* high_score_screen.png in Resources */ = {isa = PBXBuildFile; fileRef = ED6305611B8083B300A53027 /* high_score_screen.png */; };
		EDCA63D31B7F770B00177C97 /* LoginViewController.swift in Sources */ = {isa = PBXBuildFile; fileRef = EDCA63D21B7F770B00177C97 /* LoginViewController.swift */; };
		EDCA63E11B7F920100177C97 /* bitplayer.png in Resources */ = {isa = PBXBuildFile; fileRef = EDCA63E01B7F920100177C97 /* bitplayer.png */; };
		EDCA63E31B7FA26300177C97 /* background.png in Resources */ = {isa = PBXBuildFile; fileRef = EDCA63E21B7FA26300177C97 /* background.png */; };
		EDCA63E81B7FFA5500177C97 /* Bolts.framework in Frameworks */ = {isa = PBXBuildFile; fileRef = EDCA63E61B7FFA5500177C97 /* Bolts.framework */; };
		EDCA63E91B7FFA5500177C97 /* Parse.framework in Frameworks */ = {isa = PBXBuildFile; fileRef = EDCA63E71B7FFA5500177C97 /* Parse.framework */; };
		EDCA63EB1B7FFA6D00177C97 /* AudioToolbox.framework in Frameworks */ = {isa = PBXBuildFile; fileRef = EDCA63EA1B7FFA6C00177C97 /* AudioToolbox.framework */; };
		EDCA63ED1B7FFA7300177C97 /* CFNetwork.framework in Frameworks */ = {isa = PBXBuildFile; fileRef = EDCA63EC1B7FFA7300177C97 /* CFNetwork.framework */; };
		EDCA63EF1B7FFA7A00177C97 /* CoreGraphics.framework in Frameworks */ = {isa = PBXBuildFile; fileRef = EDCA63EE1B7FFA7A00177C97 /* CoreGraphics.framework */; };
		EDCA63F11B7FFA8100177C97 /* CoreLocation.framework in Frameworks */ = {isa = PBXBuildFile; fileRef = EDCA63F01B7FFA8100177C97 /* CoreLocation.framework */; };
		EDCA63F31B7FFA8800177C97 /* QuartzCore.framework in Frameworks */ = {isa = PBXBuildFile; fileRef = EDCA63F21B7FFA8800177C97 /* QuartzCore.framework */; };
		EDCA63F51B7FFA8E00177C97 /* Security.framework in Frameworks */ = {isa = PBXBuildFile; fileRef = EDCA63F41B7FFA8E00177C97 /* Security.framework */; };
		EDCA63F71B7FFA9400177C97 /* StoreKit.framework in Frameworks */ = {isa = PBXBuildFile; fileRef = EDCA63F61B7FFA9400177C97 /* StoreKit.framework */; };
		EDCA63F91B7FFA9B00177C97 /* SystemConfiguration.framework in Frameworks */ = {isa = PBXBuildFile; fileRef = EDCA63F81B7FFA9B00177C97 /* SystemConfiguration.framework */; };
		EDCA63FB1B7FFAA200177C97 /* libz.dylib in Frameworks */ = {isa = PBXBuildFile; fileRef = EDCA63FA1B7FFAA200177C97 /* libz.dylib */; };
		EDCA63FD1B7FFAA800177C97 /* libsqlite3.dylib in Frameworks */ = {isa = PBXBuildFile; fileRef = EDCA63FC1B7FFAA800177C97 /* libsqlite3.dylib */; };
		EDCA63FF1B7FFDEA00177C97 /* RestHelper.swift in Sources */ = {isa = PBXBuildFile; fileRef = EDCA63FE1B7FFDEA00177C97 /* RestHelper.swift */; };
		EDD035841B8048C3005A8A6D /* PaymentHandlerViewController.swift in Sources */ = {isa = PBXBuildFile; fileRef = EDD035831B8048C3005A8A6D /* PaymentHandlerViewController.swift */; };
		EDD035861B804998005A8A6D /* HighScoreViewController.swift in Sources */ = {isa = PBXBuildFile; fileRef = EDD035851B804998005A8A6D /* HighScoreViewController.swift */; };
/* End PBXBuildFile section */

/* Begin PBXContainerItemProxy section */
		357164F919DB1E4800ED38A9 /* PBXContainerItemProxy */ = {
			isa = PBXContainerItemProxy;
			containerPortal = 357164D719DB1E4800ED38A9 /* Project object */;
			proxyType = 1;
			remoteGlobalIDString = 357164DE19DB1E4800ED38A9;
			remoteInfo = SpriteKitSimpleGame;
		};
/* End PBXContainerItemProxy section */

/* Begin PBXFileReference section */
		357164DF19DB1E4800ED38A9 /* SpriteKitSimpleGame.app */ = {isa = PBXFileReference; explicitFileType = wrapper.application; includeInIndex = 0; path = SpriteKitSimpleGame.app; sourceTree = BUILT_PRODUCTS_DIR; };
		357164E319DB1E4800ED38A9 /* Info.plist */ = {isa = PBXFileReference; lastKnownFileType = text.plist.xml; path = Info.plist; sourceTree = "<group>"; };
		357164E419DB1E4800ED38A9 /* AppDelegate.swift */ = {isa = PBXFileReference; lastKnownFileType = sourcecode.swift; path = AppDelegate.swift; sourceTree = "<group>"; };
		357164E619DB1E4800ED38A9 /* GameScene.sks */ = {isa = PBXFileReference; lastKnownFileType = file.sks; path = GameScene.sks; sourceTree = "<group>"; };
		357164E819DB1E4800ED38A9 /* GameScene.swift */ = {isa = PBXFileReference; lastKnownFileType = sourcecode.swift; path = GameScene.swift; sourceTree = "<group>"; };
		357164EA19DB1E4800ED38A9 /* GameViewController.swift */ = {isa = PBXFileReference; lastKnownFileType = sourcecode.swift; path = GameViewController.swift; sourceTree = "<group>"; };
		357164ED19DB1E4800ED38A9 /* Base */ = {isa = PBXFileReference; lastKnownFileType = file.storyboard; name = Base; path = Base.lproj/Main.storyboard; sourceTree = "<group>"; };
		357164EF19DB1E4800ED38A9 /* Images.xcassets */ = {isa = PBXFileReference; lastKnownFileType = folder.assetcatalog; path = Images.xcassets; sourceTree = "<group>"; };
		357164F219DB1E4800ED38A9 /* Base */ = {isa = PBXFileReference; lastKnownFileType = file.xib; name = Base; path = Base.lproj/LaunchScreen.xib; sourceTree = "<group>"; };
		357164F819DB1E4800ED38A9 /* SpriteKitSimpleGameTests.xctest */ = {isa = PBXFileReference; explicitFileType = wrapper.cfbundle; includeInIndex = 0; path = SpriteKitSimpleGameTests.xctest; sourceTree = BUILT_PRODUCTS_DIR; };
		357164FD19DB1E4800ED38A9 /* Info.plist */ = {isa = PBXFileReference; lastKnownFileType = text.plist.xml; path = Info.plist; sourceTree = "<group>"; };
		357164FE19DB1E4800ED38A9 /* SpriteKitSimpleGameTests.swift */ = {isa = PBXFileReference; lastKnownFileType = sourcecode.swift; path = SpriteKitSimpleGameTests.swift; sourceTree = "<group>"; };
		3571650919DB1F5500ED38A9 /* background-music-aac.caf */ = {isa = PBXFileReference; lastKnownFileType = file; path = "background-music-aac.caf"; sourceTree = "<group>"; };
		3571650A19DB1F5500ED38A9 /* pew-pew-lei.caf */ = {isa = PBXFileReference; lastKnownFileType = file; path = "pew-pew-lei.caf"; sourceTree = "<group>"; };
		3571650B19DB1F5500ED38A9 /* sprites.atlas */ = {isa = PBXFileReference; lastKnownFileType = folder.skatlas; path = sprites.atlas; sourceTree = "<group>"; };
		3571650F19DB322700ED38A9 /* GameOverScene.swift */ = {isa = PBXFileReference; fileEncoding = 4; lastKnownFileType = sourcecode.swift; path = GameOverScene.swift; sourceTree = "<group>"; };
		ED353AF51B808A5000A923E7 /* high_score_screen.png */ = {isa = PBXFileReference; lastKnownFileType = image.png; name = high_score_screen.png; path = ../../Assets/high_score_screen.png; sourceTree = "<group>"; };
		ED353AF71B808BD900A923E7 /* AboutViewController.swift */ = {isa = PBXFileReference; fileEncoding = 4; lastKnownFileType = sourcecode.swift; path = AboutViewController.swift; sourceTree = "<group>"; };
		ED353AFD1B8099E200A923E7 /* about.png */ = {isa = PBXFileReference; lastKnownFileType = image.png; name = about.png; path = ../../Assets/about.png; sourceTree = "<group>"; };
		ED3828461B801B40007E6976 /* mainScreenNew.png */ = {isa = PBXFileReference; lastKnownFileType = image.png; name = mainScreenNew.png; path = ../../Assets/mainScreenNew.png; sourceTree = "<group>"; };
		ED3828481B801B82007E6976 /* newestMainscreen.png */ = {isa = PBXFileReference; lastKnownFileType = image.png; name = newestMainscreen.png; path = ../../Assets/newestMainscreen.png; sourceTree = "<group>"; };
		ED535F711B8011AE00FF5C2B /* about_button.png */ = {isa = PBXFileReference; lastKnownFileType = image.png; name = about_button.png; path = ../../Assets/about_button.png; sourceTree = "<group>"; };
		ED535F721B8011AE00FF5C2B /* play_button.png */ = {isa = PBXFileReference; lastKnownFileType = image.png; name = play_button.png; path = ../../Assets/play_button.png; sourceTree = "<group>"; };
		ED535F731B8011AE00FF5C2B /* score_button.png */ = {isa = PBXFileReference; lastKnownFileType = image.png; name = score_button.png; path = ../../Assets/score_button.png; sourceTree = "<group>"; };
		ED63055F1B80736400A53027 /* Retro Computer_DEMO.ttf */ = {isa = PBXFileReference; lastKnownFileType = file; path = "Retro Computer_DEMO.ttf"; sourceTree = SOURCE_ROOT; };
		ED6305611B8083B300A53027 /* high_score_screen.png */ = {isa = PBXFileReference; lastKnownFileType = image.png; name = high_score_screen.png; path = ../../Assets/high_score_screen.png; sourceTree = "<group>"; };
		EDCA63D21B7F770B00177C97 /* LoginViewController.swift */ = {isa = PBXFileReference; fileEncoding = 4; lastKnownFileType = sourcecode.swift; path = LoginViewController.swift; sourceTree = "<group>"; };
		EDCA63E01B7F920100177C97 /* bitplayer.png */ = {isa = PBXFileReference; lastKnownFileType = image.png; name = bitplayer.png; path = sprites.atlas/bitplayer.png; sourceTree = "<group>"; };
		EDCA63E21B7FA26300177C97 /* background.png */ = {isa = PBXFileReference; lastKnownFileType = image.png; name = background.png; path = Images.xcassets/background.png; sourceTree = "<group>"; };
		EDCA63E61B7FFA5500177C97 /* Bolts.framework */ = {isa = PBXFileReference; lastKnownFileType = wrapper.framework; name = Bolts.framework; path = "parse-library-1.8.0/Bolts.framework"; sourceTree = "<group>"; };
		EDCA63E71B7FFA5500177C97 /* Parse.framework */ = {isa = PBXFileReference; lastKnownFileType = wrapper.framework; name = Parse.framework; path = "parse-library-1.8.0/Parse.framework"; sourceTree = "<group>"; };
		EDCA63EA1B7FFA6C00177C97 /* AudioToolbox.framework */ = {isa = PBXFileReference; lastKnownFileType = wrapper.framework; name = AudioToolbox.framework; path = System/Library/Frameworks/AudioToolbox.framework; sourceTree = SDKROOT; };
		EDCA63EC1B7FFA7300177C97 /* CFNetwork.framework */ = {isa = PBXFileReference; lastKnownFileType = wrapper.framework; name = CFNetwork.framework; path = System/Library/Frameworks/CFNetwork.framework; sourceTree = SDKROOT; };
		EDCA63EE1B7FFA7A00177C97 /* CoreGraphics.framework */ = {isa = PBXFileReference; lastKnownFileType = wrapper.framework; name = CoreGraphics.framework; path = System/Library/Frameworks/CoreGraphics.framework; sourceTree = SDKROOT; };
		EDCA63F01B7FFA8100177C97 /* CoreLocation.framework */ = {isa = PBXFileReference; lastKnownFileType = wrapper.framework; name = CoreLocation.framework; path = System/Library/Frameworks/CoreLocation.framework; sourceTree = SDKROOT; };
		EDCA63F21B7FFA8800177C97 /* QuartzCore.framework */ = {isa = PBXFileReference; lastKnownFileType = wrapper.framework; name = QuartzCore.framework; path = System/Library/Frameworks/QuartzCore.framework; sourceTree = SDKROOT; };
		EDCA63F41B7FFA8E00177C97 /* Security.framework */ = {isa = PBXFileReference; lastKnownFileType = wrapper.framework; name = Security.framework; path = System/Library/Frameworks/Security.framework; sourceTree = SDKROOT; };
		EDCA63F61B7FFA9400177C97 /* StoreKit.framework */ = {isa = PBXFileReference; lastKnownFileType = wrapper.framework; name = StoreKit.framework; path = System/Library/Frameworks/StoreKit.framework; sourceTree = SDKROOT; };
		EDCA63F81B7FFA9B00177C97 /* SystemConfiguration.framework */ = {isa = PBXFileReference; lastKnownFileType = wrapper.framework; name = SystemConfiguration.framework; path = System/Library/Frameworks/SystemConfiguration.framework; sourceTree = SDKROOT; };
		EDCA63FA1B7FFAA200177C97 /* libz.dylib */ = {isa = PBXFileReference; lastKnownFileType = "compiled.mach-o.dylib"; name = libz.dylib; path = usr/lib/libz.dylib; sourceTree = SDKROOT; };
		EDCA63FC1B7FFAA800177C97 /* libsqlite3.dylib */ = {isa = PBXFileReference; lastKnownFileType = "compiled.mach-o.dylib"; name = libsqlite3.dylib; path = usr/lib/libsqlite3.dylib; sourceTree = SDKROOT; };
		EDCA63FE1B7FFDEA00177C97 /* RestHelper.swift */ = {isa = PBXFileReference; fileEncoding = 4; lastKnownFileType = sourcecode.swift; path = RestHelper.swift; sourceTree = "<group>"; };
		EDD035831B8048C3005A8A6D /* PaymentHandlerViewController.swift */ = {isa = PBXFileReference; fileEncoding = 4; lastKnownFileType = sourcecode.swift; path = PaymentHandlerViewController.swift; sourceTree = "<group>"; };
		EDD035851B804998005A8A6D /* HighScoreViewController.swift */ = {isa = PBXFileReference; fileEncoding = 4; lastKnownFileType = sourcecode.swift; path = HighScoreViewController.swift; sourceTree = "<group>"; };
/* End PBXFileReference section */

/* Begin PBXFrameworksBuildPhase section */
		357164DC19DB1E4800ED38A9 /* Frameworks */ = {
			isa = PBXFrameworksBuildPhase;
			buildActionMask = 2147483647;
			files = (
				EDCA63FD1B7FFAA800177C97 /* libsqlite3.dylib in Frameworks */,
				EDCA63FB1B7FFAA200177C97 /* libz.dylib in Frameworks */,
				EDCA63F91B7FFA9B00177C97 /* SystemConfiguration.framework in Frameworks */,
				EDCA63F71B7FFA9400177C97 /* StoreKit.framework in Frameworks */,
				EDCA63F51B7FFA8E00177C97 /* Security.framework in Frameworks */,
				EDCA63F31B7FFA8800177C97 /* QuartzCore.framework in Frameworks */,
				EDCA63F11B7FFA8100177C97 /* CoreLocation.framework in Frameworks */,
				EDCA63EF1B7FFA7A00177C97 /* CoreGraphics.framework in Frameworks */,
				EDCA63ED1B7FFA7300177C97 /* CFNetwork.framework in Frameworks */,
				EDCA63EB1B7FFA6D00177C97 /* AudioToolbox.framework in Frameworks */,
				EDCA63E91B7FFA5500177C97 /* Parse.framework in Frameworks */,
				EDCA63E81B7FFA5500177C97 /* Bolts.framework in Frameworks */,
			);
			runOnlyForDeploymentPostprocessing = 0;
		};
		357164F519DB1E4800ED38A9 /* Frameworks */ = {
			isa = PBXFrameworksBuildPhase;
			buildActionMask = 2147483647;
			files = (
			);
			runOnlyForDeploymentPostprocessing = 0;
		};
/* End PBXFrameworksBuildPhase section */

/* Begin PBXGroup section */
		357164D619DB1E4800ED38A9 = {
			isa = PBXGroup;
			children = (
				EDCA63FC1B7FFAA800177C97 /* libsqlite3.dylib */,
				EDCA63FA1B7FFAA200177C97 /* libz.dylib */,
				EDCA63F81B7FFA9B00177C97 /* SystemConfiguration.framework */,
				EDCA63F61B7FFA9400177C97 /* StoreKit.framework */,
				EDCA63F41B7FFA8E00177C97 /* Security.framework */,
				EDCA63F21B7FFA8800177C97 /* QuartzCore.framework */,
				EDCA63F01B7FFA8100177C97 /* CoreLocation.framework */,
				EDCA63EE1B7FFA7A00177C97 /* CoreGraphics.framework */,
				EDCA63EC1B7FFA7300177C97 /* CFNetwork.framework */,
				EDCA63EA1B7FFA6C00177C97 /* AudioToolbox.framework */,
				EDCA63E61B7FFA5500177C97 /* Bolts.framework */,
				EDCA63E71B7FFA5500177C97 /* Parse.framework */,
				357164E119DB1E4800ED38A9 /* SpriteKitSimpleGame */,
				357164FB19DB1E4800ED38A9 /* SpriteKitSimpleGameTests */,
				357164E019DB1E4800ED38A9 /* Products */,
			);
			sourceTree = "<group>";
		};
		357164E019DB1E4800ED38A9 /* Products */ = {
			isa = PBXGroup;
			children = (
				357164DF19DB1E4800ED38A9 /* SpriteKitSimpleGame.app */,
				357164F819DB1E4800ED38A9 /* SpriteKitSimpleGameTests.xctest */,
			);
			name = Products;
			sourceTree = "<group>";
		};
		357164E119DB1E4800ED38A9 /* SpriteKitSimpleGame */ = {
			isa = PBXGroup;
			children = (
				3571650819DB1F5500ED38A9 /* Sounds */,
				3571650B19DB1F5500ED38A9 /* sprites.atlas */,
				EDCA63E21B7FA26300177C97 /* background.png */,
				EDCA63E01B7F920100177C97 /* bitplayer.png */,
				ED3828481B801B82007E6976 /* newestMainscreen.png */,
				ED535F711B8011AE00FF5C2B /* about_button.png */,
				ED535F721B8011AE00FF5C2B /* play_button.png */,
				ED535F731B8011AE00FF5C2B /* score_button.png */,
				ED3828461B801B40007E6976 /* mainScreenNew.png */,
				ED6305611B8083B300A53027 /* high_score_screen.png */,
				ED353AF51B808A5000A923E7 /* high_score_screen.png */,
				ED353AFD1B8099E200A923E7 /* about.png */,
				357164EF19DB1E4800ED38A9 /* Images.xcassets */,
				ED63055F1B80736400A53027 /* Retro Computer_DEMO.ttf */,
				357164E619DB1E4800ED38A9 /* GameScene.sks */,
				ED353AF71B808BD900A923E7 /* AboutViewController.swift */,
				357164E419DB1E4800ED38A9 /* AppDelegate.swift */,
				EDCA63FE1B7FFDEA00177C97 /* RestHelper.swift */,
				EDD035851B804998005A8A6D /* HighScoreViewController.swift */,
				EDD035831B8048C3005A8A6D /* PaymentHandlerViewController.swift */,
				EDCA63D21B7F770B00177C97 /* LoginViewController.swift */,
				357164E819DB1E4800ED38A9 /* GameScene.swift */,
				3571650F19DB322700ED38A9 /* GameOverScene.swift */,
				357164EA19DB1E4800ED38A9 /* GameViewController.swift */,
				357164EC19DB1E4800ED38A9 /* Main.storyboard */,
				357164F119DB1E4800ED38A9 /* LaunchScreen.xib */,
				357164E219DB1E4800ED38A9 /* Supporting Files */,
			);
			path = SpriteKitSimpleGame;
			sourceTree = "<group>";
		};
		357164E219DB1E4800ED38A9 /* Supporting Files */ = {
			isa = PBXGroup;
			children = (
				357164E319DB1E4800ED38A9 /* Info.plist */,
			);
			name = "Supporting Files";
			sourceTree = "<group>";
		};
		357164FB19DB1E4800ED38A9 /* SpriteKitSimpleGameTests */ = {
			isa = PBXGroup;
			children = (
				357164FE19DB1E4800ED38A9 /* SpriteKitSimpleGameTests.swift */,
				357164FC19DB1E4800ED38A9 /* Supporting Files */,
			);
			path = SpriteKitSimpleGameTests;
			sourceTree = "<group>";
		};
		357164FC19DB1E4800ED38A9 /* Supporting Files */ = {
			isa = PBXGroup;
			children = (
				357164FD19DB1E4800ED38A9 /* Info.plist */,
			);
			name = "Supporting Files";
			sourceTree = "<group>";
		};
		3571650819DB1F5500ED38A9 /* Sounds */ = {
			isa = PBXGroup;
			children = (
				3571650919DB1F5500ED38A9 /* background-music-aac.caf */,
				3571650A19DB1F5500ED38A9 /* pew-pew-lei.caf */,
			);
			path = Sounds;
			sourceTree = "<group>";
		};
/* End PBXGroup section */

/* Begin PBXNativeTarget section */
		357164DE19DB1E4800ED38A9 /* SpriteKitSimpleGame */ = {
			isa = PBXNativeTarget;
			buildConfigurationList = 3571650219DB1E4800ED38A9 /* Build configuration list for PBXNativeTarget "SpriteKitSimpleGame" */;
			buildPhases = (
				357164DB19DB1E4800ED38A9 /* Sources */,
				357164DC19DB1E4800ED38A9 /* Frameworks */,
				357164DD19DB1E4800ED38A9 /* Resources */,
			);
			buildRules = (
			);
			dependencies = (
			);
			name = SpriteKitSimpleGame;
			productName = SpriteKitSimpleGame;
			productReference = 357164DF19DB1E4800ED38A9 /* SpriteKitSimpleGame.app */;
			productType = "com.apple.product-type.application";
		};
		357164F719DB1E4800ED38A9 /* SpriteKitSimpleGameTests */ = {
			isa = PBXNativeTarget;
			buildConfigurationList = 3571650519DB1E4800ED38A9 /* Build configuration list for PBXNativeTarget "SpriteKitSimpleGameTests" */;
			buildPhases = (
				357164F419DB1E4800ED38A9 /* Sources */,
				357164F519DB1E4800ED38A9 /* Frameworks */,
				357164F619DB1E4800ED38A9 /* Resources */,
			);
			buildRules = (
			);
			dependencies = (
				357164FA19DB1E4800ED38A9 /* PBXTargetDependency */,
			);
			name = SpriteKitSimpleGameTests;
			productName = SpriteKitSimpleGameTests;
			productReference = 357164F819DB1E4800ED38A9 /* SpriteKitSimpleGameTests.xctest */;
			productType = "com.apple.product-type.bundle.unit-test";
		};
/* End PBXNativeTarget section */

/* Begin PBXProject section */
		357164D719DB1E4800ED38A9 /* Project object */ = {
			isa = PBXProject;
			attributes = {
				LastUpgradeCheck = 0600;
				ORGANIZATIONNAME = "Razeware LLC";
				TargetAttributes = {
					357164DE19DB1E4800ED38A9 = {
						CreatedOnToolsVersion = 6.0.1;
					};
					357164F719DB1E4800ED38A9 = {
						CreatedOnToolsVersion = 6.0.1;
						TestTargetID = 357164DE19DB1E4800ED38A9;
					};
				};
			};
			buildConfigurationList = 357164DA19DB1E4800ED38A9 /* Build configuration list for PBXProject "SpriteKitSimpleGame" */;
			compatibilityVersion = "Xcode 3.2";
			developmentRegion = English;
			hasScannedForEncodings = 0;
			knownRegions = (
				en,
				Base,
			);
			mainGroup = 357164D619DB1E4800ED38A9;
			productRefGroup = 357164E019DB1E4800ED38A9 /* Products */;
			projectDirPath = "";
			projectRoot = "";
			targets = (
				357164DE19DB1E4800ED38A9 /* SpriteKitSimpleGame */,
				357164F719DB1E4800ED38A9 /* SpriteKitSimpleGameTests */,
			);
		};
/* End PBXProject section */

/* Begin PBXResourcesBuildPhase section */
		357164DD19DB1E4800ED38A9 /* Resources */ = {
			isa = PBXResourcesBuildPhase;
			buildActionMask = 2147483647;
			files = (
				ED535F741B8011AE00FF5C2B /* about_button.png in Resources */,
				3571650E19DB1F5500ED38A9 /* sprites.atlas in Resources */,
				ED6305621B8083B300A53027 /* high_score_screen.png in Resources */,
				3571650C19DB1F5500ED38A9 /* background-music-aac.caf in Resources */,
				357164F319DB1E4800ED38A9 /* LaunchScreen.xib in Resources */,
				357164F019DB1E4800ED38A9 /* Images.xcassets in Resources */,
				EDCA63E11B7F920100177C97 /* bitplayer.png in Resources */,
				ED3828491B801B82007E6976 /* newestMainscreen.png in Resources */,
				ED535F751B8011AE00FF5C2B /* play_button.png in Resources */,
				357164E719DB1E4800ED38A9 /* GameScene.sks in Resources */,
				ED3828471B801B40007E6976 /* mainScreenNew.png in Resources */,
				ED353AF61B808A5000A923E7 /* high_score_screen.png in Resources */,
				ED535F761B8011AE00FF5C2B /* score_button.png in Resources */,
				ED353AFE1B8099E200A923E7 /* about.png in Resources */,
				357164EE19DB1E4800ED38A9 /* Main.storyboard in Resources */,
				EDCA63E31B7FA26300177C97 /* background.png in Resources */,
				3571650D19DB1F5500ED38A9 /* pew-pew-lei.caf in Resources */,
				ED6305601B80747F00A53027 /* Retro Computer_DEMO.ttf in Resources */,
			);
			runOnlyForDeploymentPostprocessing = 0;
		};
		357164F619DB1E4800ED38A9 /* Resources */ = {
			isa = PBXResourcesBuildPhase;
			buildActionMask = 2147483647;
			files = (
			);
			runOnlyForDeploymentPostprocessing = 0;
		};
/* End PBXResourcesBuildPhase section */

/* Begin PBXSourcesBuildPhase section */
		357164DB19DB1E4800ED38A9 /* Sources */ = {
			isa = PBXSourcesBuildPhase;
			buildActionMask = 2147483647;
			files = (
				357164E919DB1E4800ED38A9 /* GameScene.swift in Sources */,
				357164EB19DB1E4800ED38A9 /* GameViewController.swift in Sources */,
				3571651019DB322700ED38A9 /* GameOverScene.swift in Sources */,
				ED353AF81B808BD900A923E7 /* AboutViewController.swift in Sources */,
				EDD035861B804998005A8A6D /* HighScoreViewController.swift in Sources */,
				EDD035841B8048C3005A8A6D /* PaymentHandlerViewController.swift in Sources */,
				EDCA63D31B7F770B00177C97 /* LoginViewController.swift in Sources */,
				357164E519DB1E4800ED38A9 /* AppDelegate.swift in Sources */,
				EDCA63FF1B7FFDEA00177C97 /* RestHelper.swift in Sources */,
			);
			runOnlyForDeploymentPostprocessing = 0;
		};
		357164F419DB1E4800ED38A9 /* Sources */ = {
			isa = PBXSourcesBuildPhase;
			buildActionMask = 2147483647;
			files = (
				357164FF19DB1E4800ED38A9 /* SpriteKitSimpleGameTests.swift in Sources */,
			);
			runOnlyForDeploymentPostprocessing = 0;
		};
/* End PBXSourcesBuildPhase section */

/* Begin PBXTargetDependency section */
		357164FA19DB1E4800ED38A9 /* PBXTargetDependency */ = {
			isa = PBXTargetDependency;
			target = 357164DE19DB1E4800ED38A9 /* SpriteKitSimpleGame */;
			targetProxy = 357164F919DB1E4800ED38A9 /* PBXContainerItemProxy */;
		};
/* End PBXTargetDependency section */

/* Begin PBXVariantGroup section */
		357164EC19DB1E4800ED38A9 /* Main.storyboard */ = {
			isa = PBXVariantGroup;
			children = (
				357164ED19DB1E4800ED38A9 /* Base */,
			);
			name = Main.storyboard;
			sourceTree = "<group>";
		};
		357164F119DB1E4800ED38A9 /* LaunchScreen.xib */ = {
			isa = PBXVariantGroup;
			children = (
				357164F219DB1E4800ED38A9 /* Base */,
			);
			name = LaunchScreen.xib;
			sourceTree = "<group>";
		};
/* End PBXVariantGroup section */

/* Begin XCBuildConfiguration section */
		3571650019DB1E4800ED38A9 /* Debug */ = {
			isa = XCBuildConfiguration;
			buildSettings = {
				ALWAYS_SEARCH_USER_PATHS = NO;
				CLANG_CXX_LANGUAGE_STANDARD = "gnu++0x";
				CLANG_CXX_LIBRARY = "libc++";
				CLANG_ENABLE_MODULES = YES;
				CLANG_ENABLE_OBJC_ARC = YES;
				CLANG_WARN_BOOL_CONVERSION = YES;
				CLANG_WARN_CONSTANT_CONVERSION = YES;
				CLANG_WARN_DIRECT_OBJC_ISA_USAGE = YES_ERROR;
				CLANG_WARN_EMPTY_BODY = YES;
				CLANG_WARN_ENUM_CONVERSION = YES;
				CLANG_WARN_INT_CONVERSION = YES;
				CLANG_WARN_OBJC_ROOT_CLASS = YES_ERROR;
				CLANG_WARN_UNREACHABLE_CODE = YES;
				CLANG_WARN__DUPLICATE_METHOD_MATCH = YES;
				"CODE_SIGN_IDENTITY[sdk=iphoneos*]" = "iPhone Developer";
				COPY_PHASE_STRIP = NO;
				ENABLE_STRICT_OBJC_MSGSEND = YES;
				GCC_C_LANGUAGE_STANDARD = gnu99;
				GCC_DYNAMIC_NO_PIC = NO;
				GCC_OPTIMIZATION_LEVEL = 0;
				GCC_PREPROCESSOR_DEFINITIONS = (
					"DEBUG=1",
					"$(inherited)",
				);
				GCC_SYMBOLS_PRIVATE_EXTERN = NO;
				GCC_WARN_64_TO_32_BIT_CONVERSION = YES;
				GCC_WARN_ABOUT_RETURN_TYPE = YES_ERROR;
				GCC_WARN_UNDECLARED_SELECTOR = YES;
				GCC_WARN_UNINITIALIZED_AUTOS = YES_AGGRESSIVE;
				GCC_WARN_UNUSED_FUNCTION = YES;
				GCC_WARN_UNUSED_VARIABLE = YES;
				IPHONEOS_DEPLOYMENT_TARGET = 8.0;
				MTL_ENABLE_DEBUG_INFO = YES;
				ONLY_ACTIVE_ARCH = YES;
				SDKROOT = iphoneos;
				SWIFT_OPTIMIZATION_LEVEL = "-Onone";
			};
			name = Debug;
		};
		3571650119DB1E4800ED38A9 /* Release */ = {
			isa = XCBuildConfiguration;
			buildSettings = {
				ALWAYS_SEARCH_USER_PATHS = NO;
				CLANG_CXX_LANGUAGE_STANDARD = "gnu++0x";
				CLANG_CXX_LIBRARY = "libc++";
				CLANG_ENABLE_MODULES = YES;
				CLANG_ENABLE_OBJC_ARC = YES;
				CLANG_WARN_BOOL_CONVERSION = YES;
				CLANG_WARN_CONSTANT_CONVERSION = YES;
				CLANG_WARN_DIRECT_OBJC_ISA_USAGE = YES_ERROR;
				CLANG_WARN_EMPTY_BODY = YES;
				CLANG_WARN_ENUM_CONVERSION = YES;
				CLANG_WARN_INT_CONVERSION = YES;
				CLANG_WARN_OBJC_ROOT_CLASS = YES_ERROR;
				CLANG_WARN_UNREACHABLE_CODE = YES;
				CLANG_WARN__DUPLICATE_METHOD_MATCH = YES;
				"CODE_SIGN_IDENTITY[sdk=iphoneos*]" = "iPhone Developer";
				COPY_PHASE_STRIP = YES;
				ENABLE_NS_ASSERTIONS = NO;
				ENABLE_STRICT_OBJC_MSGSEND = YES;
				GCC_C_LANGUAGE_STANDARD = gnu99;
				GCC_WARN_64_TO_32_BIT_CONVERSION = YES;
				GCC_WARN_ABOUT_RETURN_TYPE = YES_ERROR;
				GCC_WARN_UNDECLARED_SELECTOR = YES;
				GCC_WARN_UNINITIALIZED_AUTOS = YES_AGGRESSIVE;
				GCC_WARN_UNUSED_FUNCTION = YES;
				GCC_WARN_UNUSED_VARIABLE = YES;
				IPHONEOS_DEPLOYMENT_TARGET = 8.0;
				MTL_ENABLE_DEBUG_INFO = NO;
				SDKROOT = iphoneos;
				VALIDATE_PRODUCT = YES;
			};
			name = Release;
		};
		3571650319DB1E4800ED38A9 /* Debug */ = {
			isa = XCBuildConfiguration;
			buildSettings = {
				ASSETCATALOG_COMPILER_APPICON_NAME = AppIcon;
				FRAMEWORK_SEARCH_PATHS = (
					"$(inherited)",
					"$(PROJECT_DIR)/parse-library-1.8.0",
				);
				INFOPLIST_FILE = SpriteKitSimpleGame/Info.plist;
				LD_RUNPATH_SEARCH_PATHS = "$(inherited) @executable_path/Frameworks";
				PRODUCT_NAME = "$(TARGET_NAME)";
			};
			name = Debug;
		};
		3571650419DB1E4800ED38A9 /* Release */ = {
			isa = XCBuildConfiguration;
			buildSettings = {
				ASSETCATALOG_COMPILER_APPICON_NAME = AppIcon;
				FRAMEWORK_SEARCH_PATHS = (
					"$(inherited)",
					"$(PROJECT_DIR)/parse-library-1.8.0",
				);
				INFOPLIST_FILE = SpriteKitSimpleGame/Info.plist;
				LD_RUNPATH_SEARCH_PATHS = "$(inherited) @executable_path/Frameworks";
				PRODUCT_NAME = "$(TARGET_NAME)";
			};
			name = Release;
		};
		3571650619DB1E4800ED38A9 /* Debug */ = {
			isa = XCBuildConfiguration;
			buildSettings = {
				BUNDLE_LOADER = "$(TEST_HOST)";
				FRAMEWORK_SEARCH_PATHS = (
					"$(SDKROOT)/Developer/Library/Frameworks",
					"$(inherited)",
				);
				GCC_PREPROCESSOR_DEFINITIONS = (
					"DEBUG=1",
					"$(inherited)",
				);
				INFOPLIST_FILE = SpriteKitSimpleGameTests/Info.plist;
				LD_RUNPATH_SEARCH_PATHS = "$(inherited) @executable_path/Frameworks @loader_path/Frameworks";
				PRODUCT_NAME = "$(TARGET_NAME)";
				TEST_HOST = "$(BUILT_PRODUCTS_DIR)/SpriteKitSimpleGame.app/SpriteKitSimpleGame";
			};
			name = Debug;
		};
		3571650719DB1E4800ED38A9 /* Release */ = {
			isa = XCBuildConfiguration;
			buildSettings = {
				BUNDLE_LOADER = "$(TEST_HOST)";
				FRAMEWORK_SEARCH_PATHS = (
					"$(SDKROOT)/Developer/Library/Frameworks",
					"$(inherited)",
				);
				INFOPLIST_FILE = SpriteKitSimpleGameTests/Info.plist;
				LD_RUNPATH_SEARCH_PATHS = "$(inherited) @executable_path/Frameworks @loader_path/Frameworks";
				PRODUCT_NAME = "$(TARGET_NAME)";
				TEST_HOST = "$(BUILT_PRODUCTS_DIR)/SpriteKitSimpleGame.app/SpriteKitSimpleGame";
			};
			name = Release;
		};
/* End XCBuildConfiguration section */

/* Begin XCConfigurationList section */
		357164DA19DB1E4800ED38A9 /* Build configuration list for PBXProject "SpriteKitSimpleGame" */ = {
			isa = XCConfigurationList;
			buildConfigurations = (
				3571650019DB1E4800ED38A9 /* Debug */,
				3571650119DB1E4800ED38A9 /* Release */,
			);
			defaultConfigurationIsVisible = 0;
			defaultConfigurationName = Release;
		};
		3571650219DB1E4800ED38A9 /* Build configuration list for PBXNativeTarget "SpriteKitSimpleGame" */ = {
			isa = XCConfigurationList;
			buildConfigurations = (
				3571650319DB1E4800ED38A9 /* Debug */,
				3571650419DB1E4800ED38A9 /* Release */,
			);
			defaultConfigurationIsVisible = 0;
			defaultConfigurationName = Release;
		};
		3571650519DB1E4800ED38A9 /* Build configuration list for PBXNativeTarget "SpriteKitSimpleGameTests" */ = {
			isa = XCConfigurationList;
			buildConfigurations = (
				3571650619DB1E4800ED38A9 /* Debug */,
				3571650719DB1E4800ED38A9 /* Release */,
			);
			defaultConfigurationIsVisible = 0;
			defaultConfigurationName = Release;
		};
/* End XCConfigurationList section */
	};
	rootObject = 357164D719DB1E4800ED38A9 /* Project object */;
}
